
Microsoft Visual Studio Solution File, Format Version 12.00
# Visual Studio Version 16
VisualStudioVersion = 16.0.31911.196
MinimumVisualStudioVersion = 10.0.40219.1
Project("{FAE04EC0-301F-11D3-BF4B-00C04F79EFBC}") = "Treinamento", "Treinamento\Treinamento.csproj", "{8EF06820-0B14-4DDC-B8B1-1FB33E118ADF}"
EndProject
Global
	GlobalSection(SolutionConfigurationPlatforms) = preSolution
		Debug|Any CPU = Debug|Any CPU
		Release|Any CPU = Release|Any CPU
	EndGlobalSection
	GlobalSection(ProjectConfigurationPlatforms) = postSolution
		{8EF06820-0B14-4DDC-B8B1-1FB33E118ADF}.Debug|Any CPU.ActiveCfg = Debug|Any CPU
		{8EF06820-0B14-4DDC-B8B1-1FB33E118ADF}.Debug|Any CPU.Build.0 = Debug|Any CPU
		{8EF06820-0B14-4DDC-B8B1-1FB33E118ADF}.Release|Any CPU.ActiveCfg = Release|Any CPU
		{8EF06820-0B14-4DDC-B8B1-1FB33E118ADF}.Release|Any CPU.Build.0 = Release|Any CPU
	EndGlobalSection
	GlobalSection(SolutionProperties) = preSolution
		HideSolutionNode = FALSE
	EndGlobalSection
	GlobalSection(ExtensibilityGlobals) = postSolution
		SolutionGuid = {E9CA85E3-5DAD-4434-B524-1BDA970A0170}
	EndGlobalSection
EndGlobal
